
Microsoft Visual Studio Solution File, Format Version 12.00
# Visual Studio 2012
Project("{FAE04EC0-301F-11D3-BF4B-00C04F79EFBC}") = "ExpanseWorkbench", "Expanse\ExpanseWorkbench.csproj", "{9E7A553D-EBE3-4826-8B8D-2430265D0964}"
EndProject
Project("{FAE04EC0-301F-11D3-BF4B-00C04F79EFBC}") = "Expanse.Engines", "Expanse.Engines\Expanse.Engines.csproj", "{EE15D235-8276-4D55-AA59-28DE5AA0EE52}"
EndProject
Project("{2150E333-8FDC-42A3-9474-1A3956D46DE8}") = "Docs", "Docs", "{048F5C7A-95F4-4A11-9F82-C971B32254F2}"
	ProjectSection(SolutionItems) = preProject
		TODO.txt = TODO.txt
	EndProjectSection
EndProject
Project("{FAE04EC0-301F-11D3-BF4B-00C04F79EFBC}") = "Expanse.Domain", "Expanse.Domain\Expanse.Domain.csproj", "{6418D3C1-079B-4870-900B-2EAAED385ABE}"
EndProject
Project("{FAE04EC0-301F-11D3-BF4B-00C04F79EFBC}") = "Expanse.UnitTests", "Expanse.UnitTests\Expanse.UnitTests.csproj", "{CE37EEDC-A945-43D3-B919-E0674950DEFC}"
EndProject
Global
	GlobalSection(SolutionConfigurationPlatforms) = preSolution
		Debug|Any CPU = Debug|Any CPU
		Debug|Mixed Platforms = Debug|Mixed Platforms
		Debug|x86 = Debug|x86
		Release|Any CPU = Release|Any CPU
		Release|Mixed Platforms = Release|Mixed Platforms
		Release|x86 = Release|x86
	EndGlobalSection
	GlobalSection(ProjectConfigurationPlatforms) = postSolution
		{9E7A553D-EBE3-4826-8B8D-2430265D0964}.Debug|Any CPU.ActiveCfg = Debug|x86
		{9E7A553D-EBE3-4826-8B8D-2430265D0964}.Debug|Mixed Platforms.ActiveCfg = Debug|x86
		{9E7A553D-EBE3-4826-8B8D-2430265D0964}.Debug|Mixed Platforms.Build.0 = Debug|x86
		{9E7A553D-EBE3-4826-8B8D-2430265D0964}.Debug|x86.ActiveCfg = Debug|x86
		{9E7A553D-EBE3-4826-8B8D-2430265D0964}.Debug|x86.Build.0 = Debug|x86
		{9E7A553D-EBE3-4826-8B8D-2430265D0964}.Release|Any CPU.ActiveCfg = Release|x86
		{9E7A553D-EBE3-4826-8B8D-2430265D0964}.Release|Mixed Platforms.ActiveCfg = Release|x86
		{9E7A553D-EBE3-4826-8B8D-2430265D0964}.Release|Mixed Platforms.Build.0 = Release|x86
		{9E7A553D-EBE3-4826-8B8D-2430265D0964}.Release|x86.ActiveCfg = Release|x86
		{9E7A553D-EBE3-4826-8B8D-2430265D0964}.Release|x86.Build.0 = Release|x86
		{EE15D235-8276-4D55-AA59-28DE5AA0EE52}.Debug|Any CPU.ActiveCfg = Debug|Any CPU
		{EE15D235-8276-4D55-AA59-28DE5AA0EE52}.Debug|Any CPU.Build.0 = Debug|Any CPU
		{EE15D235-8276-4D55-AA59-28DE5AA0EE52}.Debug|Mixed Platforms.ActiveCfg = Debug|Any CPU
		{EE15D235-8276-4D55-AA59-28DE5AA0EE52}.Debug|Mixed Platforms.Build.0 = Debug|Any CPU
		{EE15D235-8276-4D55-AA59-28DE5AA0EE52}.Debug|x86.ActiveCfg = Debug|Any CPU
		{EE15D235-8276-4D55-AA59-28DE5AA0EE52}.Release|Any CPU.ActiveCfg = Release|Any CPU
		{EE15D235-8276-4D55-AA59-28DE5AA0EE52}.Release|Any CPU.Build.0 = Release|Any CPU
		{EE15D235-8276-4D55-AA59-28DE5AA0EE52}.Release|Mixed Platforms.ActiveCfg = Release|Any CPU
		{EE15D235-8276-4D55-AA59-28DE5AA0EE52}.Release|Mixed Platforms.Build.0 = Release|Any CPU
		{EE15D235-8276-4D55-AA59-28DE5AA0EE52}.Release|x86.ActiveCfg = Release|Any CPU
		{6418D3C1-079B-4870-900B-2EAAED385ABE}.Debug|Any CPU.ActiveCfg = Debug|Any CPU
		{6418D3C1-079B-4870-900B-2EAAED385ABE}.Debug|Any CPU.Build.0 = Debug|Any CPU
		{6418D3C1-079B-4870-900B-2EAAED385ABE}.Debug|Mixed Platforms.ActiveCfg = Debug|Any CPU
		{6418D3C1-079B-4870-900B-2EAAED385ABE}.Debug|Mixed Platforms.Build.0 = Debug|Any CPU
		{6418D3C1-079B-4870-900B-2EAAED385ABE}.Debug|x86.ActiveCfg = Debug|Any CPU
		{6418D3C1-079B-4870-900B-2EAAED385ABE}.Release|Any CPU.ActiveCfg = Release|Any CPU
		{6418D3C1-079B-4870-900B-2EAAED385ABE}.Release|Any CPU.Build.0 = Release|Any CPU
		{6418D3C1-079B-4870-900B-2EAAED385ABE}.Release|Mixed Platforms.ActiveCfg = Release|Any CPU
		{6418D3C1-079B-4870-900B-2EAAED385ABE}.Release|Mixed Platforms.Build.0 = Release|Any CPU
		{6418D3C1-079B-4870-900B-2EAAED385ABE}.Release|x86.ActiveCfg = Release|Any CPU
		{CE37EEDC-A945-43D3-B919-E0674950DEFC}.Debug|Any CPU.ActiveCfg = Debug|Any CPU
		{CE37EEDC-A945-43D3-B919-E0674950DEFC}.Debug|Any CPU.Build.0 = Debug|Any CPU
		{CE37EEDC-A945-43D3-B919-E0674950DEFC}.Debug|Mixed Platforms.ActiveCfg = Debug|Any CPU
		{CE37EEDC-A945-43D3-B919-E0674950DEFC}.Debug|Mixed Platforms.Build.0 = Debug|Any CPU
		{CE37EEDC-A945-43D3-B919-E0674950DEFC}.Debug|x86.ActiveCfg = Debug|Any CPU
		{CE37EEDC-A945-43D3-B919-E0674950DEFC}.Release|Any CPU.ActiveCfg = Release|Any CPU
		{CE37EEDC-A945-43D3-B919-E0674950DEFC}.Release|Any CPU.Build.0 = Release|Any CPU
		{CE37EEDC-A945-43D3-B919-E0674950DEFC}.Release|Mixed Platforms.ActiveCfg = Release|Any CPU
		{CE37EEDC-A945-43D3-B919-E0674950DEFC}.Release|Mixed Platforms.Build.0 = Release|Any CPU
		{CE37EEDC-A945-43D3-B919-E0674950DEFC}.Release|x86.ActiveCfg = Release|Any CPU
	EndGlobalSection
	GlobalSection(SolutionProperties) = preSolution
		HideSolutionNode = FALSE
	EndGlobalSection
EndGlobal
